
Microsoft Visual Studio Solution File, Format Version 12.00
# Visual Studio 2013
VisualStudioVersion = 12.0.30723.0
MinimumVisualStudioVersion = 10.0.40219.1
Project("{FAE04EC0-301F-11D3-BF4B-00C04F79EFBC}") = "eraseVersion", "eraseVersion\eraseVersion.csproj", "{797AFAFF-D089-4189-9BA3-7D2AC7EE138B}"
EndProject
Global
	GlobalSection(SolutionConfigurationPlatforms) = preSolution
		Debug|Any CPU = Debug|Any CPU
		Release|Any CPU = Release|Any CPU
	EndGlobalSection
	GlobalSection(ProjectConfigurationPlatforms) = postSolution
		{797AFAFF-D089-4189-9BA3-7D2AC7EE138B}.Debug|Any CPU.ActiveCfg = Debug|Any CPU
		{797AFAFF-D089-4189-9BA3-7D2AC7EE138B}.Debug|Any CPU.Build.0 = Debug|Any CPU
		{797AFAFF-D089-4189-9BA3-7D2AC7EE138B}.Release|Any CPU.ActiveCfg = Release|Any CPU
		{797AFAFF-D089-4189-9BA3-7D2AC7EE138B}.Release|Any CPU.Build.0 = Release|Any CPU
	EndGlobalSection
	GlobalSection(SolutionProperties) = preSolution
		HideSolutionNode = FALSE
	EndGlobalSection
EndGlobal
